
Microsoft Visual Studio Solution File, Format Version 12.00
# Visual Studio Version 17
VisualStudioVersion = 17.4.33205.214
MinimumVisualStudioVersion = 10.0.40219.1
Project("{9A19103F-16F7-4668-BE54-9A1E7A4F7556}") = "DaisyTTF", "DaisyTTF.csproj", "{304E8012-EA32-4EAA-8A71-B1D25AFC4824}"
EndProject
Project("{9A19103F-16F7-4668-BE54-9A1E7A4F7556}") = "LunarFonts", "LunarFonts\LunarFonts\LunarFonts.csproj", "{350E81B1-40F2-4585-BE8C-4E0C66E648CF}"
EndProject
Global
	GlobalSection(SolutionConfigurationPlatforms) = preSolution
		Debug|Any CPU = Debug|Any CPU
		Release|Any CPU = Release|Any CPU
	EndGlobalSection
	GlobalSection(ProjectConfigurationPlatforms) = postSolution
		{304E8012-EA32-4EAA-8A71-B1D25AFC4824}.Debug|Any CPU.ActiveCfg = Debug|Any CPU
		{304E8012-EA32-4EAA-8A71-B1D25AFC4824}.Debug|Any CPU.Build.0 = Debug|Any CPU
		{304E8012-EA32-4EAA-8A71-B1D25AFC4824}.Release|Any CPU.ActiveCfg = Release|Any CPU
		{304E8012-EA32-4EAA-8A71-B1D25AFC4824}.Release|Any CPU.Build.0 = Release|Any CPU
		{350E81B1-40F2-4585-BE8C-4E0C66E648CF}.Debug|Any CPU.ActiveCfg = Debug|Any CPU
		{350E81B1-40F2-4585-BE8C-4E0C66E648CF}.Debug|Any CPU.Build.0 = Debug|Any CPU
		{350E81B1-40F2-4585-BE8C-4E0C66E648CF}.Release|Any CPU.ActiveCfg = Release|Any CPU
		{350E81B1-40F2-4585-BE8C-4E0C66E648CF}.Release|Any CPU.Build.0 = Release|Any CPU
	EndGlobalSection
	GlobalSection(SolutionProperties) = preSolution
		HideSolutionNode = FALSE
	EndGlobalSection
	GlobalSection(ExtensibilityGlobals) = postSolution
		SolutionGuid = {F93EAC4B-558F-4502-82F7-81FB66814028}
	EndGlobalSection
EndGlobal
